github.com/google/uuid v1.2.0 h1:qJYtXnJRWmpe7m/3XlyhrsLrEURqHRM2kxzoxXqyUDs=
github.com/google/uuid v1.2.0/go.mod h1:TIyPZe4MgqvfeYDBFedMoGGpEw/LqOeaOT+nhxU+yHo=
github.com/gorilla/mux v1.8.0 h1:i40aqfkR1h2SlN9hojwV5ZA91wcXFOvkdNIeFDP5koI=
github.com/gorilla/mux v1.8.0/go.mod h1:DVbg23sWSpFRCP0SfiEN6jmj59UnW/n46BH5rLB71So=
github.com/jessevdk/go-flags v1.5.0 h1:1jKYvbxEjfUl0fmqTCOfonvskHHXMjBySTLW4y9LFvc=
github.com/jessevdk/go-flags v1.5.0/go.mod h1:Fw0T6WPc1dYxT4mKEZRfG5kJhaTDP9pj1c2EWnYs/m4=
github.com/mitchellh/go-ps v1.0.0 h1:i6ampVEEF4wQFF+bkYfwYgY+F/uYJDktmvLPf7qIgjc=
github.com/mitchellh/go-ps v1.0.0/go.mod h1:J4lOc8z8yJs6vUwklHw2XEIiT4z4C40KtWVN3nvg8Pg=
github.com/y-akahori-ramen/gojobcoordinatortest v1.0.0 h1:XFpXSB4k2fcYRTArpNi7NC1F50T7S5aUuojdmKlfbbU=
github.com/y-akahori-ramen/gojobcoordinatortest v1.0.0/go.mod h1:HkWjIT+cCtQNyHIitDph5gDoyw6DpTn2qSGl8n7lbms=
github.com/y-akahori-ramen/gojobcoordinatortest v1.0.1-0.20210515083243-90bb8d51f202 h1:NKtl4R0qGDjSKRTFfm0Cd8c8F2TG7DHGECM5NvTHMnU=
github.com/y-akahori-ramen/gojobcoordinatortest v1.0.1-0.20210515083243-90bb8d51f202/go.mod h1:HkWjIT+cCtQNyHIitDph5gDoyw6DpTn2qSGl8n7lbms=
github.com/y-akahori-ramen/gojobcoordinatortest v1.0.1-0.20210515094747-d293a9878355 h1:+xjCKOXMiNLhtbyo2Pq2xsP8I9wFr8PfJSbrC1WO2yY=
github.com/y-akahori-ramen/gojobcoordinatortest v1.0.1-0.20210515094747-d293a9878355/go.mod h1:HkWjIT+cCtQNyHIitDph5gDoyw6DpTn2qSGl8n7lbms=
github.com/y-akahori-ramen/ziptool v1.0.2 h1:sNjjvIIF/1/rU8DvzE7GPCjLms8eHiF6Ttgd9Ql6Ntc=
github.com/y-akahori-ramen/ziptool v1.0.2/go.mod h1:pr6k1IQ5TaxAuFRZuBjdE7KoYS8mqDf2XXgIxSlZsJk=
golang.org/x/sys v0.0.0-20210320140829-1e4c9ba3b0c4 h1:EZ2mChiOa8udjfp6rRmswTbtZN/QzUQp4ptM4rnjHvc=
golang.org/x/sys v0.0.0-20210320140829-1e4c9ba3b0c4/go.mod h1:h1NjWce9XRLGQEsW7wpKNCjG9DtNlClVuFLEZdDNbEs=
